// !$*UTF8*$!
{
	archiveVersion = 1;
	classes = {
	};
	objectVersion = 46;
	objects = {

/* Begin PBXBuildFile section */
		4CE264DC1AFC9CF500BABF6C /* AppDelegate.swift in Sources */ = {isa = PBXBuildFile; fileRef = 4CE264DB1AFC9CF500BABF6C /* AppDelegate.swift */; };
		4CE264DF1AFC9CF500BABF6C /* WhoIsTheSpy.xcdatamodeld in Sources */ = {isa = PBXBuildFile; fileRef = 4CE264DD1AFC9CF500BABF6C /* WhoIsTheSpy.xcdatamodeld */; };
		4CE264E11AFC9CF500BABF6C /* ViewController.swift in Sources */ = {isa = PBXBuildFile; fileRef = 4CE264E01AFC9CF500BABF6C /* ViewController.swift */; };
		4CE264E41AFC9CF500BABF6C /* Main.storyboard in Resources */ = {isa = PBXBuildFile; fileRef = 4CE264E21AFC9CF500BABF6C /* Main.storyboard */; };
		4CE264E61AFC9CF500BABF6C /* Images.xcassets in Resources */ = {isa = PBXBuildFile; fileRef = 4CE264E51AFC9CF500BABF6C /* Images.xcassets */; };
		4CE264E91AFC9CF500BABF6C /* LaunchScreen.xib in Resources */ = {isa = PBXBuildFile; fileRef = 4CE264E71AFC9CF500BABF6C /* LaunchScreen.xib */; };
		4CE264F51AFC9CF500BABF6C /* WhoIsTheSpyTests.swift in Sources */ = {isa = PBXBuildFile; fileRef = 4CE264F41AFC9CF500BABF6C /* WhoIsTheSpyTests.swift */; };
/* End PBXBuildFile section */

/* Begin PBXContainerItemProxy section */
		4CE264EF1AFC9CF500BABF6C /* PBXContainerItemProxy */ = {
			isa = PBXContainerItemProxy;
			containerPortal = 4CE264CE1AFC9CF500BABF6C /* Project object */;
			proxyType = 1;
			remoteGlobalIDString = 4CE264D51AFC9CF500BABF6C;
			remoteInfo = WhoIsTheSpy;
		};
/* End PBXContainerItemProxy section */

/* Begin PBXFileReference section */
		4CE264D61AFC9CF500BABF6C /* WhoIsTheSpy.app */ = {isa = PBXFileReference; explicitFileType = wrapper.application; includeInIndex = 0; path = WhoIsTheSpy.app; sourceTree = BUILT_PRODUCTS_DIR; };
		4CE264DA1AFC9CF500BABF6C /* Info.plist */ = {isa = PBXFileReference; lastKnownFileType = text.plist.xml; path = Info.plist; sourceTree = "<group>"; };
		4CE264DB1AFC9CF500BABF6C /* AppDelegate.swift */ = {isa = PBXFileReference; lastKnownFileType = sourcecode.swift; path = AppDelegate.swift; sourceTree = "<group>"; };
		4CE264DE1AFC9CF500BABF6C /* WhoIsTheSpy.xcdatamodel */ = {isa = PBXFileReference; lastKnownFileType = wrapper.xcdatamodel; path = WhoIsTheSpy.xcdatamodel; sourceTree = "<group>"; };
		4CE264E01AFC9CF500BABF6C /* ViewController.swift */ = {isa = PBXFileReference; lastKnownFileType = sourcecode.swift; path = ViewController.swift; sourceTree = "<group>"; };
		4CE264E31AFC9CF500BABF6C /* Base */ = {isa = PBXFileReference; lastKnownFileType = file.storyboard; name = Base; path = Base.lproj/Main.storyboard; sourceTree = "<group>"; };
		4CE264E51AFC9CF500BABF6C /* Images.xcassets */ = {isa = PBXFileReference; lastKnownFileType = folder.assetcatalog; path = Images.xcassets; sourceTree = "<group>"; };
		4CE264E81AFC9CF500BABF6C /* Base */ = {isa = PBXFileReference; lastKnownFileType = file.xib; name = Base; path = Base.lproj/LaunchScreen.xib; sourceTree = "<group>"; };
		4CE264EE1AFC9CF500BABF6C /* WhoIsTheSpyTests.xctest */ = {isa = PBXFileReference; explicitFileType = wrapper.cfbundle; includeInIndex = 0; path = WhoIsTheSpyTests.xctest; sourceTree = BUILT_PRODUCTS_DIR; };
		4CE264F31AFC9CF500BABF6C /* Info.plist */ = {isa = PBXFileReference; lastKnownFileType = text.plist.xml; path = Info.plist; sourceTree = "<group>"; };
		4CE264F41AFC9CF500BABF6C /* WhoIsTheSpyTests.swift */ = {isa = PBXFileReference; lastKnownFileType = sourcecode.swift; path = WhoIsTheSpyTests.swift; sourceTree = "<group>"; };
/* End PBXFileReference section */

/* Begin PBXFrameworksBuildPhase section */
		4CE264D31AFC9CF500BABF6C /* Frameworks */ = {
			isa = PBXFrameworksBuildPhase;
			buildActionMask = 2147483647;
			files = (
			);
			runOnlyForDeploymentPostprocessing = 0;
		};
		4CE264EB1AFC9CF500BABF6C /* Frameworks */ = {
			isa = PBXFrameworksBuildPhase;
			buildActionMask = 2147483647;
			files = (
			);
			runOnlyForDeploymentPostprocessing = 0;
		};
/* End PBXFrameworksBuildPhase section */

/* Begin PBXGroup section */
		4CE264CD1AFC9CF500BABF6C = {
			isa = PBXGroup;
			children = (
				4CE264D81AFC9CF500BABF6C /* WhoIsTheSpy */,
				4CE264F11AFC9CF500BABF6C /* WhoIsTheSpyTests */,
				4CE264D71AFC9CF500BABF6C /* Products */,
			);
			sourceTree = "<group>";
		};
		4CE264D71AFC9CF500BABF6C /* Products */ = {
			isa = PBXGroup;
			children = (
				4CE264D61AFC9CF500BABF6C /* WhoIsTheSpy.app */,
				4CE264EE1AFC9CF500BABF6C /* WhoIsTheSpyTests.xctest */,
			);
			name = Products;
			sourceTree = "<group>";
		};
		4CE264D81AFC9CF500BABF6C /* WhoIsTheSpy */ = {
			isa = PBXGroup;
			children = (
				4CE264DB1AFC9CF500BABF6C /* AppDelegate.swift */,
				4CE264E01AFC9CF500BABF6C /* ViewController.swift */,
				4CE264E21AFC9CF500BABF6C /* Main.storyboard */,
				4CE264E51AFC9CF500BABF6C /* Images.xcassets */,
				4CE264E71AFC9CF500BABF6C /* LaunchScreen.xib */,
				4CE264DD1AFC9CF500BABF6C /* WhoIsTheSpy.xcdatamodeld */,
				4CE264D91AFC9CF500BABF6C /* Supporting Files */,
			);
			path = WhoIsTheSpy;
			sourceTree = "<group>";
		};
		4CE264D91AFC9CF500BABF6C /* Supporting Files */ = {
			isa = PBXGroup;
			children = (
				4CE264DA1AFC9CF500BABF6C /* Info.plist */,
			);
			name = "Supporting Files";
			sourceTree = "<group>";
		};
		4CE264F11AFC9CF500BABF6C /* WhoIsTheSpyTests */ = {
			isa = PBXGroup;
			children = (
				4CE264F41AFC9CF500BABF6C /* WhoIsTheSpyTests.swift */,
				4CE264F21AFC9CF500BABF6C /* Supporting Files */,
			);
			path = WhoIsTheSpyTests;
			sourceTree = "<group>";
		};
		4CE264F21AFC9CF500BABF6C /* Supporting Files */ = {
			isa = PBXGroup;
			children = (
				4CE264F31AFC9CF500BABF6C /* Info.plist */,
			);
			name = "Supporting Files";
			sourceTree = "<group>";
		};
/* End PBXGroup section */

/* Begin PBXNativeTarget section */
		4CE264D51AFC9CF500BABF6C /* WhoIsTheSpy */ = {
			isa = PBXNativeTarget;
			buildConfigurationList = 4CE264F81AFC9CF500BABF6C /* Build configuration list for PBXNativeTarget "WhoIsTheSpy" */;
			buildPhases = (
				4CE264D21AFC9CF500BABF6C /* Sources */,
				4CE264D31AFC9CF500BABF6C /* Frameworks */,
				4CE264D41AFC9CF500BABF6C /* Resources */,
			);
			buildRules = (
			);
			dependencies = (
			);
			name = WhoIsTheSpy;
			productName = WhoIsTheSpy;
			productReference = 4CE264D61AFC9CF500BABF6C /* WhoIsTheSpy.app */;
			productType = "com.apple.product-type.application";
		};
		4CE264ED1AFC9CF500BABF6C /* WhoIsTheSpyTests */ = {
			isa = PBXNativeTarget;
			buildConfigurationList = 4CE264FB1AFC9CF500BABF6C /* Build configuration list for PBXNativeTarget "WhoIsTheSpyTests" */;
			buildPhases = (
				4CE264EA1AFC9CF500BABF6C /* Sources */,
				4CE264EB1AFC9CF500BABF6C /* Frameworks */,
				4CE264EC1AFC9CF500BABF6C /* Resources */,
			);
			buildRules = (
			);
			dependencies = (
				4CE264F01AFC9CF500BABF6C /* PBXTargetDependency */,
			);
			name = WhoIsTheSpyTests;
			productName = WhoIsTheSpyTests;
			productReference = 4CE264EE1AFC9CF500BABF6C /* WhoIsTheSpyTests.xctest */;
			productType = "com.apple.product-type.bundle.unit-test";
		};
/* End PBXNativeTarget section */

/* Begin PBXProject section */
		4CE264CE1AFC9CF500BABF6C /* Project object */ = {
			isa = PBXProject;
			attributes = {
				LastUpgradeCheck = 0610;
				ORGANIZATIONNAME = SophiaLoganTeam;
				TargetAttributes = {
					4CE264D51AFC9CF500BABF6C = {
						CreatedOnToolsVersion = 6.1;
					};
					4CE264ED1AFC9CF500BABF6C = {
						CreatedOnToolsVersion = 6.1;
						TestTargetID = 4CE264D51AFC9CF500BABF6C;
					};
				};
			};
			buildConfigurationList = 4CE264D11AFC9CF500BABF6C /* Build configuration list for PBXProject "WhoIsTheSpy" */;
			compatibilityVersion = "Xcode 3.2";
			developmentRegion = English;
			hasScannedForEncodings = 0;
			knownRegions = (
				en,
				Base,
			);
			mainGroup = 4CE264CD1AFC9CF500BABF6C;
			productRefGroup = 4CE264D71AFC9CF500BABF6C /* Products */;
			projectDirPath = "";
			projectRoot = "";
			targets = (
				4CE264D51AFC9CF500BABF6C /* WhoIsTheSpy */,
				4CE264ED1AFC9CF500BABF6C /* WhoIsTheSpyTests */,
			);
		};
/* End PBXProject section */

/* Begin PBXResourcesBuildPhase section */
		4CE264D41AFC9CF500BABF6C /* Resources */ = {
			isa = PBXResourcesBuildPhase;
			buildActionMask = 2147483647;
			files = (
				4CE264E41AFC9CF500BABF6C /* Main.storyboard in Resources */,
				4CE264E91AFC9CF500BABF6C /* LaunchScreen.xib in Resources */,
				4CE264E61AFC9CF500BABF6C /* Images.xcassets in Resources */,
			);
			runOnlyForDeploymentPostprocessing = 0;
		};
		4CE264EC1AFC9CF500BABF6C /* Resources */ = {
			isa = PBXResourcesBuildPhase;
			buildActionMask = 2147483647;
			files = (
			);
			runOnlyForDeploymentPostprocessing = 0;
		};
/* End PBXResourcesBuildPhase section */

/* Begin PBXSourcesBuildPhase section */
		4CE264D21AFC9CF500BABF6C /* Sources */ = {
			isa = PBXSourcesBuildPhase;
			buildActionMask = 2147483647;
			files = (
				4CE264E11AFC9CF500BABF6C /* ViewController.swift in Sources */,
				4CE264DC1AFC9CF500BABF6C /* AppDelegate.swift in Sources */,
				4CE264DF1AFC9CF500BABF6C /* WhoIsTheSpy.xcdatamodeld in Sources */,
			);
			runOnlyForDeploymentPostprocessing = 0;
		};
		4CE264EA1AFC9CF500BABF6C /* Sources */ = {
			isa = PBXSourcesBuildPhase;
			buildActionMask = 2147483647;
			files = (
				4CE264F51AFC9CF500BABF6C /* WhoIsTheSpyTests.swift in Sources */,
			);
			runOnlyForDeploymentPostprocessing = 0;
		};
/* End PBXSourcesBuildPhase section */

/* Begin PBXTargetDependency section */
		4CE264F01AFC9CF500BABF6C /* PBXTargetDependency */ = {
			isa = PBXTargetDependency;
			target = 4CE264D51AFC9CF500BABF6C /* WhoIsTheSpy */;
			targetProxy = 4CE264EF1AFC9CF500BABF6C /* PBXContainerItemProxy */;
		};
/* End PBXTargetDependency section */

/* Begin PBXVariantGroup section */
		4CE264E21AFC9CF500BABF6C /* Main.storyboard */ = {
			isa = PBXVariantGroup;
			children = (
				4CE264E31AFC9CF500BABF6C /* Base */,
			);
			name = Main.storyboard;
			sourceTree = "<group>";
		};
		4CE264E71AFC9CF500BABF6C /* LaunchScreen.xib */ = {
			isa = PBXVariantGroup;
			children = (
				4CE264E81AFC9CF500BABF6C /* Base */,
			);
			name = LaunchScreen.xib;
			sourceTree = "<group>";
		};
/* End PBXVariantGroup section */

/* Begin XCBuildConfiguration section */
		4CE264F61AFC9CF500BABF6C /* Debug */ = {
			isa = XCBuildConfiguration;
			buildSettings = {
				ALWAYS_SEARCH_USER_PATHS = NO;
				CLANG_CXX_LANGUAGE_STANDARD = "gnu++0x";
				CLANG_CXX_LIBRARY = "libc++";
				CLANG_ENABLE_MODULES = YES;
				CLANG_ENABLE_OBJC_ARC = YES;
				CLANG_WARN_BOOL_CONVERSION = YES;
				CLANG_WARN_CONSTANT_CONVERSION = YES;
				CLANG_WARN_DIRECT_OBJC_ISA_USAGE = YES_ERROR;
				CLANG_WARN_EMPTY_BODY = YES;
				CLANG_WARN_ENUM_CONVERSION = YES;
				CLANG_WARN_INT_CONVERSION = YES;
				CLANG_WARN_OBJC_ROOT_CLASS = YES_ERROR;
				CLANG_WARN_UNREACHABLE_CODE = YES;
				CLANG_WARN__DUPLICATE_METHOD_MATCH = YES;
				"CODE_SIGN_IDENTITY[sdk=iphoneos*]" = "iPhone Developer";
				COPY_PHASE_STRIP = NO;
				ENABLE_STRICT_OBJC_MSGSEND = YES;
				GCC_C_LANGUAGE_STANDARD = gnu99;
				GCC_DYNAMIC_NO_PIC = NO;
				GCC_OPTIMIZATION_LEVEL = 0;
				GCC_PREPROCESSOR_DEFINITIONS = (
					"DEBUG=1",
					"$(inherited)",
				);
				GCC_SYMBOLS_PRIVATE_EXTERN = NO;
				GCC_WARN_64_TO_32_BIT_CONVERSION = YES;
				GCC_WARN_ABOUT_RETURN_TYPE = YES_ERROR;
				GCC_WARN_UNDECLARED_SELECTOR = YES;
				GCC_WARN_UNINITIALIZED_AUTOS = YES_AGGRESSIVE;
				GCC_WARN_UNUSED_FUNCTION = YES;
				GCC_WARN_UNUSED_VARIABLE = YES;
				IPHONEOS_DEPLOYMENT_TARGET = 8.1;
				MTL_ENABLE_DEBUG_INFO = YES;
				ONLY_ACTIVE_ARCH = YES;
				SDKROOT = iphoneos;
				SWIFT_OPTIMIZATION_LEVEL = "-Onone";
			};
			name = Debug;
		};
		4CE264F71AFC9CF500BABF6C /* Release */ = {
			isa = XCBuildConfiguration;
			buildSettings = {
				ALWAYS_SEARCH_USER_PATHS = NO;
				CLANG_CXX_LANGUAGE_STANDARD = "gnu++0x";
				CLANG_CXX_LIBRARY = "libc++";
				CLANG_ENABLE_MODULES = YES;
				CLANG_ENABLE_OBJC_ARC = YES;
				CLANG_WARN_BOOL_CONVERSION = YES;
				CLANG_WARN_CONSTANT_CONVERSION = YES;
				CLANG_WARN_DIRECT_OBJC_ISA_USAGE = YES_ERROR;
				CLANG_WARN_EMPTY_BODY = YES;
				CLANG_WARN_ENUM_CONVERSION = YES;
				CLANG_WARN_INT_CONVERSION = YES;
				CLANG_WARN_OBJC_ROOT_CLASS = YES_ERROR;
				CLANG_WARN_UNREACHABLE_CODE = YES;
				CLANG_WARN__DUPLICATE_METHOD_MATCH = YES;
				"CODE_SIGN_IDENTITY[sdk=iphoneos*]" = "iPhone Developer";
				COPY_PHASE_STRIP = YES;
				ENABLE_NS_ASSERTIONS = NO;
				ENABLE_STRICT_OBJC_MSGSEND = YES;
				GCC_C_LANGUAGE_STANDARD = gnu99;
				GCC_WARN_64_TO_32_BIT_CONVERSION = YES;
				GCC_WARN_ABOUT_RETURN_TYPE = YES_ERROR;
				GCC_WARN_UNDECLARED_SELECTOR = YES;
				GCC_WARN_UNINITIALIZED_AUTOS = YES_AGGRESSIVE;
				GCC_WARN_UNUSED_FUNCTION = YES;
				GCC_WARN_UNUSED_VARIABLE = YES;
				IPHONEOS_DEPLOYMENT_TARGET = 8.1;
				MTL_ENABLE_DEBUG_INFO = NO;
				SDKROOT = iphoneos;
				VALIDATE_PRODUCT = YES;
			};
			name = Release;
		};
		4CE264F91AFC9CF500BABF6C /* Debug */ = {
			isa = XCBuildConfiguration;
			buildSettings = {
				ASSETCATALOG_COMPILER_APPICON_NAME = AppIcon;
				INFOPLIST_FILE = WhoIsTheSpy/Info.plist;
				LD_RUNPATH_SEARCH_PATHS = "$(inherited) @executable_path/Frameworks";
				PRODUCT_NAME = "$(TARGET_NAME)";
			};
			name = Debug;
		};
		4CE264FA1AFC9CF500BABF6C /* Release */ = {
			isa = XCBuildConfiguration;
			buildSettings = {
				ASSETCATALOG_COMPILER_APPICON_NAME = AppIcon;
				INFOPLIST_FILE = WhoIsTheSpy/Info.plist;
				LD_RUNPATH_SEARCH_PATHS = "$(inherited) @executable_path/Frameworks";
				PRODUCT_NAME = "$(TARGET_NAME)";
			};
			name = Release;
		};
		4CE264FC1AFC9CF500BABF6C /* Debug */ = {
			isa = XCBuildConfiguration;
			buildSettings = {
				BUNDLE_LOADER = "$(TEST_HOST)";
				FRAMEWORK_SEARCH_PATHS = (
					"$(SDKROOT)/Developer/Library/Frameworks",
					"$(inherited)",
				);
				GCC_PREPROCESSOR_DEFINITIONS = (
					"DEBUG=1",
					"$(inherited)",
				);
				INFOPLIST_FILE = WhoIsTheSpyTests/Info.plist;
				LD_RUNPATH_SEARCH_PATHS = "$(inherited) @executable_path/Frameworks @loader_path/Frameworks";
				PRODUCT_NAME = "$(TARGET_NAME)";
				TEST_HOST = "$(BUILT_PRODUCTS_DIR)/WhoIsTheSpy.app/WhoIsTheSpy";
			};
			name = Debug;
		};
		4CE264FD1AFC9CF500BABF6C /* Release */ = {
			isa = XCBuildConfiguration;
			buildSettings = {
				BUNDLE_LOADER = "$(TEST_HOST)";
				FRAMEWORK_SEARCH_PATHS = (
					"$(SDKROOT)/Developer/Library/Frameworks",
					"$(inherited)",
				);
				INFOPLIST_FILE = WhoIsTheSpyTests/Info.plist;
				LD_RUNPATH_SEARCH_PATHS = "$(inherited) @executable_path/Frameworks @loader_path/Frameworks";
				PRODUCT_NAME = "$(TARGET_NAME)";
				TEST_HOST = "$(BUILT_PRODUCTS_DIR)/WhoIsTheSpy.app/WhoIsTheSpy";
			};
			name = Release;
		};
/* End XCBuildConfiguration section */

/* Begin XCConfigurationList section */
		4CE264D11AFC9CF500BABF6C /* Build configuration list for PBXProject "WhoIsTheSpy" */ = {
			isa = XCConfigurationList;
			buildConfigurations = (
				4CE264F61AFC9CF500BABF6C /* Debug */,
				4CE264F71AFC9CF500BABF6C /* Release */,
			);
			defaultConfigurationIsVisible = 0;
			defaultConfigurationName = Release;
		};
		4CE264F81AFC9CF500BABF6C /* Build configuration list for PBXNativeTarget "WhoIsTheSpy" */ = {
			isa = XCConfigurationList;
			buildConfigurations = (
				4CE264F91AFC9CF500BABF6C /* Debug */,
				4CE264FA1AFC9CF500BABF6C /* Release */,
			);
			defaultConfigurationIsVisible = 0;
		};
		4CE264FB1AFC9CF500BABF6C /* Build configuration list for PBXNativeTarget "WhoIsTheSpyTests" */ = {
			isa = XCConfigurationList;
			buildConfigurations = (
				4CE264FC1AFC9CF500BABF6C /* Debug */,
				4CE264FD1AFC9CF500BABF6C /* Release */,
			);
			defaultConfigurationIsVisible = 0;
		};
/* End XCConfigurationList section */

/* Begin XCVersionGroup section */
		4CE264DD1AFC9CF500BABF6C /* WhoIsTheSpy.xcdatamodeld */ = {
			isa = XCVersionGroup;
			children = (
				4CE264DE1AFC9CF500BABF6C /* WhoIsTheSpy.xcdatamodel */,
			);
			currentVersion = 4CE264DE1AFC9CF500BABF6C /* WhoIsTheSpy.xcdatamodel */;
			path = WhoIsTheSpy.xcdatamodeld;
			sourceTree = "<group>";
			versionGroupType = wrapper.xcdatamodel;
		};
/* End XCVersionGroup section */
	};
	rootObject = 4CE264CE1AFC9CF500BABF6C /* Project object */;
}
